
Microsoft Visual Studio Solution File, Format Version 12.00
# Visual Studio Version 16
VisualStudioVersion = 16.0.30804.86
MinimumVisualStudioVersion = 10.0.40219.1
Project("{9A19103F-16F7-4668-BE54-9A1E7A4F7556}") = "DataAccess", "DataAccess\DataAccess.csproj", "{43688B66-2470-43AA-9D1B-35F8643213C0}"
EndProject
Project("{9A19103F-16F7-4668-BE54-9A1E7A4F7556}") = "Business", "Business\Business.csproj", "{FB7F09F5-491F-4A36-AEA6-373F26BA18DD}"
EndProject
Project("{9A19103F-16F7-4668-BE54-9A1E7A4F7556}") = "Entities", "Entities\Entities.csproj", "{B53B3B50-9BD2-400F-8FC4-041B53D4CB78}"
EndProject
Project("{9A19103F-16F7-4668-BE54-9A1E7A4F7556}") = "ConsoleUI", "ConsoleUI\ConsoleUI.csproj", "{E8B3C7A4-599B-4914-8388-E18FB402E5F8}"
EndProject
Project("{FAE04EC0-301F-11D3-BF4B-00C04F79EFBC}") = "Core", "Core\Core.csproj", "{1A5B5060-D511-427D-92E9-233B62D10C6C}"
EndProject
Global
	GlobalSection(SolutionConfigurationPlatforms) = preSolution
		Debug|Any CPU = Debug|Any CPU
		Release|Any CPU = Release|Any CPU
	EndGlobalSection
	GlobalSection(ProjectConfigurationPlatforms) = postSolution
		{43688B66-2470-43AA-9D1B-35F8643213C0}.Debug|Any CPU.ActiveCfg = Debug|Any CPU
		{43688B66-2470-43AA-9D1B-35F8643213C0}.Debug|Any CPU.Build.0 = Debug|Any CPU
		{43688B66-2470-43AA-9D1B-35F8643213C0}.Release|Any CPU.ActiveCfg = Release|Any CPU
		{43688B66-2470-43AA-9D1B-35F8643213C0}.Release|Any CPU.Build.0 = Release|Any CPU
		{FB7F09F5-491F-4A36-AEA6-373F26BA18DD}.Debug|Any CPU.ActiveCfg = Debug|Any CPU
		{FB7F09F5-491F-4A36-AEA6-373F26BA18DD}.Debug|Any CPU.Build.0 = Debug|Any CPU
		{FB7F09F5-491F-4A36-AEA6-373F26BA18DD}.Release|Any CPU.ActiveCfg = Release|Any CPU
		{FB7F09F5-491F-4A36-AEA6-373F26BA18DD}.Release|Any CPU.Build.0 = Release|Any CPU
		{B53B3B50-9BD2-400F-8FC4-041B53D4CB78}.Debug|Any CPU.ActiveCfg = Debug|Any CPU
		{B53B3B50-9BD2-400F-8FC4-041B53D4CB78}.Debug|Any CPU.Build.0 = Debug|Any CPU
		{B53B3B50-9BD2-400F-8FC4-041B53D4CB78}.Release|Any CPU.ActiveCfg = Release|Any CPU
		{B53B3B50-9BD2-400F-8FC4-041B53D4CB78}.Release|Any CPU.Build.0 = Release|Any CPU
		{E8B3C7A4-599B-4914-8388-E18FB402E5F8}.Debug|Any CPU.ActiveCfg = Debug|Any CPU
		{E8B3C7A4-599B-4914-8388-E18FB402E5F8}.Debug|Any CPU.Build.0 = Debug|Any CPU
		{E8B3C7A4-599B-4914-8388-E18FB402E5F8}.Release|Any CPU.ActiveCfg = Release|Any CPU
		{E8B3C7A4-599B-4914-8388-E18FB402E5F8}.Release|Any CPU.Build.0 = Release|Any CPU
		{1A5B5060-D511-427D-92E9-233B62D10C6C}.Debug|Any CPU.ActiveCfg = Debug|Any CPU
		{1A5B5060-D511-427D-92E9-233B62D10C6C}.Debug|Any CPU.Build.0 = Debug|Any CPU
		{1A5B5060-D511-427D-92E9-233B62D10C6C}.Release|Any CPU.ActiveCfg = Release|Any CPU
		{1A5B5060-D511-427D-92E9-233B62D10C6C}.Release|Any CPU.Build.0 = Release|Any CPU
	EndGlobalSection
	GlobalSection(SolutionProperties) = preSolution
		HideSolutionNode = FALSE
	EndGlobalSection
	GlobalSection(ExtensibilityGlobals) = postSolution
		SolutionGuid = {48AE6880-6D53-441B-9307-6D2DDF7564B8}
	EndGlobalSection
EndGlobal
